// !$*UTF8*$!
{
	archiveVersion = 1;
	classes = {
	};
	objectVersion = 46;
	objects = {

/* Begin PBXBuildFile section */
		C723D26E1B9A4AAF00B394EB /* main.m in Sources */ = {isa = PBXBuildFile; fileRef = C723D26D1B9A4AAF00B394EB /* main.m */; };
		C723D2711B9A4AAF00B394EB /* AppDelegate.m in Sources */ = {isa = PBXBuildFile; fileRef = C723D2701B9A4AAF00B394EB /* AppDelegate.m */; };
		C723D2741B9A4AAF00B394EB /* ViewController.m in Sources */ = {isa = PBXBuildFile; fileRef = C723D2731B9A4AAF00B394EB /* ViewController.m */; };
		C723D2771B9A4AAF00B394EB /* Main.storyboard in Resources */ = {isa = PBXBuildFile; fileRef = C723D2751B9A4AAF00B394EB /* Main.storyboard */; };
		C723D2791B9A4AAF00B394EB /* Assets.xcassets in Resources */ = {isa = PBXBuildFile; fileRef = C723D2781B9A4AAF00B394EB /* Assets.xcassets */; };
		C723D27C1B9A4AAF00B394EB /* LaunchScreen.storyboard in Resources */ = {isa = PBXBuildFile; fileRef = C723D27A1B9A4AAF00B394EB /* LaunchScreen.storyboard */; };
/* End PBXBuildFile section */

/* Begin PBXFileReference section */
		C723D2691B9A4AAF00B394EB /* FingerPaint.app */ = {isa = PBXFileReference; explicitFileType = wrapper.application; includeInIndex = 0; path = FingerPaint.app; sourceTree = BUILT_PRODUCTS_DIR; };
		C723D26D1B9A4AAF00B394EB /* main.m */ = {isa = PBXFileReference; lastKnownFileType = sourcecode.c.objc; path = main.m; sourceTree = "<group>"; };
		C723D26F1B9A4AAF00B394EB /* AppDelegate.h */ = {isa = PBXFileReference; lastKnownFileType = sourcecode.c.h; path = AppDelegate.h; sourceTree = "<group>"; };
		C723D2701B9A4AAF00B394EB /* AppDelegate.m */ = {isa = PBXFileReference; lastKnownFileType = sourcecode.c.objc; path = AppDelegate.m; sourceTree = "<group>"; };
		C723D2721B9A4AAF00B394EB /* ViewController.h */ = {isa = PBXFileReference; lastKnownFileType = sourcecode.c.h; path = ViewController.h; sourceTree = "<group>"; };
		C723D2731B9A4AAF00B394EB /* ViewController.m */ = {isa = PBXFileReference; lastKnownFileType = sourcecode.c.objc; path = ViewController.m; sourceTree = "<group>"; };
		C723D2761B9A4AAF00B394EB /* Base */ = {isa = PBXFileReference; lastKnownFileType = file.storyboard; name = Base; path = Base.lproj/Main.storyboard; sourceTree = "<group>"; };
		C723D2781B9A4AAF00B394EB /* Assets.xcassets */ = {isa = PBXFileReference; lastKnownFileType = folder.assetcatalog; path = Assets.xcassets; sourceTree = "<group>"; };
		C723D27B1B9A4AAF00B394EB /* Base */ = {isa = PBXFileReference; lastKnownFileType = file.storyboard; name = Base; path = Base.lproj/LaunchScreen.storyboard; sourceTree = "<group>"; };
		C723D27D1B9A4AAF00B394EB /* Info.plist */ = {isa = PBXFileReference; lastKnownFileType = text.plist.xml; path = Info.plist; sourceTree = "<group>"; };
/* End PBXFileReference section */

/* Begin PBXFrameworksBuildPhase section */
		C723D2661B9A4AAF00B394EB /* Frameworks */ = {
			isa = PBXFrameworksBuildPhase;
			buildActionMask = 2147483647;
			files = (
			);
			runOnlyForDeploymentPostprocessing = 0;
		};
/* End PBXFrameworksBuildPhase section */

/* Begin PBXGroup section */
		C723D2601B9A4AAF00B394EB = {
			isa = PBXGroup;
			children = (
				C723D26B1B9A4AAF00B394EB /* FingerPaint */,
				C723D26A1B9A4AAF00B394EB /* Products */,
			);
			sourceTree = "<group>";
		};
		C723D26A1B9A4AAF00B394EB /* Products */ = {
			isa = PBXGroup;
			children = (
				C723D2691B9A4AAF00B394EB /* FingerPaint.app */,
			);
			name = Products;
			sourceTree = "<group>";
		};
		C723D26B1B9A4AAF00B394EB /* FingerPaint */ = {
			isa = PBXGroup;
			children = (
				C723D26F1B9A4AAF00B394EB /* AppDelegate.h */,
				C723D2701B9A4AAF00B394EB /* AppDelegate.m */,
				C723D2721B9A4AAF00B394EB /* ViewController.h */,
				C723D2731B9A4AAF00B394EB /* ViewController.m */,
				C723D2751B9A4AAF00B394EB /* Main.storyboard */,
				C723D2781B9A4AAF00B394EB /* Assets.xcassets */,
				C723D27A1B9A4AAF00B394EB /* LaunchScreen.storyboard */,
				C723D27D1B9A4AAF00B394EB /* Info.plist */,
				C723D26C1B9A4AAF00B394EB /* Supporting Files */,
			);
			path = FingerPaint;
			sourceTree = "<group>";
		};
		C723D26C1B9A4AAF00B394EB /* Supporting Files */ = {
			isa = PBXGroup;
			children = (
				C723D26D1B9A4AAF00B394EB /* main.m */,
			);
			name = "Supporting Files";
			sourceTree = "<group>";
		};
/* End PBXGroup section */

/* Begin PBXNativeTarget section */
		C723D2681B9A4AAF00B394EB /* FingerPaint */ = {
			isa = PBXNativeTarget;
			buildConfigurationList = C723D2801B9A4AAF00B394EB /* Build configuration list for PBXNativeTarget "FingerPaint" */;
			buildPhases = (
				C723D2651B9A4AAF00B394EB /* Sources */,
				C723D2661B9A4AAF00B394EB /* Frameworks */,
				C723D2671B9A4AAF00B394EB /* Resources */,
			);
			buildRules = (
			);
			dependencies = (
			);
			name = FingerPaint;
			productName = FingerPaint;
			productReference = C723D2691B9A4AAF00B394EB /* FingerPaint.app */;
			productType = "com.apple.product-type.application";
		};
/* End PBXNativeTarget section */

/* Begin PBXProject section */
		C723D2611B9A4AAF00B394EB /* Project object */ = {
			isa = PBXProject;
			attributes = {
				LastUpgradeCheck = 0700;
				ORGANIZATIONNAME = "Alp Eren Can";
				TargetAttributes = {
					C723D2681B9A4AAF00B394EB = {
						CreatedOnToolsVersion = 7.0;
					};
				};
			};
			buildConfigurationList = C723D2641B9A4AAF00B394EB /* Build configuration list for PBXProject "FingerPaint" */;
			compatibilityVersion = "Xcode 3.2";
			developmentRegion = English;
			hasScannedForEncodings = 0;
			knownRegions = (
				en,
				Base,
			);
			mainGroup = C723D2601B9A4AAF00B394EB;
			productRefGroup = C723D26A1B9A4AAF00B394EB /* Products */;
			projectDirPath = "";
			projectRoot = "";
			targets = (
				C723D2681B9A4AAF00B394EB /* FingerPaint */,
			);
		};
/* End PBXProject section */

/* Begin PBXResourcesBuildPhase section */
		C723D2671B9A4AAF00B394EB /* Resources */ = {
			isa = PBXResourcesBuildPhase;
			buildActionMask = 2147483647;
			files = (
				C723D27C1B9A4AAF00B394EB /* LaunchScreen.storyboard in Resources */,
				C723D2791B9A4AAF00B394EB /* Assets.xcassets in Resources */,
				C723D2771B9A4AAF00B394EB /* Main.storyboard in Resources */,
			);
			runOnlyForDeploymentPostprocessing = 0;
		};
/* End PBXResourcesBuildPhase section */

/* Begin PBXSourcesBuildPhase section */
		C723D2651B9A4AAF00B394EB /* Sources */ = {
			isa = PBXSourcesBuildPhase;
			buildActionMask = 2147483647;
			files = (
				C723D2741B9A4AAF00B394EB /* ViewController.m in Sources */,
				C723D2711B9A4AAF00B394EB /* AppDelegate.m in Sources */,
				C723D26E1B9A4AAF00B394EB /* main.m in Sources */,
			);
			runOnlyForDeploymentPostprocessing = 0;
		};
/* End PBXSourcesBuildPhase section */

/* Begin PBXVariantGroup section */
		C723D2751B9A4AAF00B394EB /* Main.storyboard */ = {
			isa = PBXVariantGroup;
			children = (
				C723D2761B9A4AAF00B394EB /* Base */,
			);
			name = Main.storyboard;
			sourceTree = "<group>";
		};
		C723D27A1B9A4AAF00B394EB /* LaunchScreen.storyboard */ = {
			isa = PBXVariantGroup;
			children = (
				C723D27B1B9A4AAF00B394EB /* Base */,
			);
			name = LaunchScreen.storyboard;
			sourceTree = "<group>";
		};
/* End PBXVariantGroup section */

/* Begin XCBuildConfiguration section */
		C723D27E1B9A4AAF00B394EB /* Debug */ = {
			isa = XCBuildConfiguration;
			buildSettings = {
				ALWAYS_SEARCH_USER_PATHS = NO;
				CLANG_CXX_LANGUAGE_STANDARD = "gnu++0x";
				CLANG_CXX_LIBRARY = "libc++";
				CLANG_ENABLE_MODULES = YES;
				CLANG_ENABLE_OBJC_ARC = YES;
				CLANG_WARN_BOOL_CONVERSION = YES;
				CLANG_WARN_CONSTANT_CONVERSION = YES;
				CLANG_WARN_DIRECT_OBJC_ISA_USAGE = YES_ERROR;
				CLANG_WARN_EMPTY_BODY = YES;
				CLANG_WARN_ENUM_CONVERSION = YES;
				CLANG_WARN_INT_CONVERSION = YES;
				CLANG_WARN_OBJC_ROOT_CLASS = YES_ERROR;
				CLANG_WARN_UNREACHABLE_CODE = YES;
				CLANG_WARN__DUPLICATE_METHOD_MATCH = YES;
				"CODE_SIGN_IDENTITY[sdk=iphoneos*]" = "iPhone Developer";
				COPY_PHASE_STRIP = NO;
				DEBUG_INFORMATION_FORMAT = dwarf;
				ENABLE_STRICT_OBJC_MSGSEND = YES;
				ENABLE_TESTABILITY = YES;
				GCC_C_LANGUAGE_STANDARD = gnu99;
				GCC_DYNAMIC_NO_PIC = NO;
				GCC_NO_COMMON_BLOCKS = YES;
				GCC_OPTIMIZATION_LEVEL = 0;
				GCC_PREPROCESSOR_DEFINITIONS = (
					"DEBUG=1",
					"$(inherited)",
				);
				GCC_WARN_64_TO_32_BIT_CONVERSION = YES;
				GCC_WARN_ABOUT_RETURN_TYPE = YES_ERROR;
				GCC_WARN_UNDECLARED_SELECTOR = YES;
				GCC_WARN_UNINITIALIZED_AUTOS = YES_AGGRESSIVE;
				GCC_WARN_UNUSED_FUNCTION = YES;
				GCC_WARN_UNUSED_VARIABLE = YES;
				IPHONEOS_DEPLOYMENT_TARGET = 9.0;
				MTL_ENABLE_DEBUG_INFO = YES;
				ONLY_ACTIVE_ARCH = YES;
				SDKROOT = iphoneos;
				TARGETED_DEVICE_FAMILY = "1,2";
			};
			name = Debug;
		};
		C723D27F1B9A4AAF00B394EB /* Release */ = {
			isa = XCBuildConfiguration;
			buildSettings = {
				ALWAYS_SEARCH_USER_PATHS = NO;
				CLANG_CXX_LANGUAGE_STANDARD = "gnu++0x";
				CLANG_CXX_LIBRARY = "libc++";
				CLANG_ENABLE_MODULES = YES;
				CLANG_ENABLE_OBJC_ARC = YES;
				CLANG_WARN_BOOL_CONVERSION = YES;
				CLANG_WARN_CONSTANT_CONVERSION = YES;
				CLANG_WARN_DIRECT_OBJC_ISA_USAGE = YES_ERROR;
				CLANG_WARN_EMPTY_BODY = YES;
				CLANG_WARN_ENUM_CONVERSION = YES;
				CLANG_WARN_INT_CONVERSION = YES;
				CLANG_WARN_OBJC_ROOT_CLASS = YES_ERROR;
				CLANG_WARN_UNREACHABLE_CODE = YES;
				CLANG_WARN__DUPLICATE_METHOD_MATCH = YES;
				"CODE_SIGN_IDENTITY[sdk=iphoneos*]" = "iPhone Developer";
				COPY_PHASE_STRIP = NO;
				DEBUG_INFORMATION_FORMAT = "dwarf-with-dsym";
				ENABLE_NS_ASSERTIONS = NO;
				ENABLE_STRICT_OBJC_MSGSEND = YES;
				GCC_C_LANGUAGE_STANDARD = gnu99;
				GCC_NO_COMMON_BLOCKS = YES;
				GCC_WARN_64_TO_32_BIT_CONVERSION = YES;
				GCC_WARN_ABOUT_RETURN_TYPE = YES_ERROR;
				GCC_WARN_UNDECLARED_SELECTOR = YES;
				GCC_WARN_UNINITIALIZED_AUTOS = YES_AGGRESSIVE;
				GCC_WARN_UNUSED_FUNCTION = YES;
				GCC_WARN_UNUSED_VARIABLE = YES;
				IPHONEOS_DEPLOYMENT_TARGET = 9.0;
				MTL_ENABLE_DEBUG_INFO = NO;
				SDKROOT = iphoneos;
				TARGETED_DEVICE_FAMILY = "1,2";
				VALIDATE_PRODUCT = YES;
			};
			name = Release;
		};
		C723D2811B9A4AAF00B394EB /* Debug */ = {
			isa = XCBuildConfiguration;
			buildSettings = {
				ASSETCATALOG_COMPILER_APPICON_NAME = AppIcon;
				INFOPLIST_FILE = FingerPaint/Info.plist;
				LD_RUNPATH_SEARCH_PATHS = "$(inherited) @executable_path/Frameworks";
				PRODUCT_BUNDLE_IDENTIFIER = com.alperencan.FingerPaint;
				PRODUCT_NAME = "$(TARGET_NAME)";
			};
			name = Debug;
		};
		C723D2821B9A4AAF00B394EB /* Release */ = {
			isa = XCBuildConfiguration;
			buildSettings = {
				ASSETCATALOG_COMPILER_APPICON_NAME = AppIcon;
				INFOPLIST_FILE = FingerPaint/Info.plist;
				LD_RUNPATH_SEARCH_PATHS = "$(inherited) @executable_path/Frameworks";
				PRODUCT_BUNDLE_IDENTIFIER = com.alperencan.FingerPaint;
				PRODUCT_NAME = "$(TARGET_NAME)";
			};
			name = Release;
		};
/* End XCBuildConfiguration section */

/* Begin XCConfigurationList section */
		C723D2641B9A4AAF00B394EB /* Build configuration list for PBXProject "FingerPaint" */ = {
			isa = XCConfigurationList;
			buildConfigurations = (
				C723D27E1B9A4AAF00B394EB /* Debug */,
				C723D27F1B9A4AAF00B394EB /* Release */,
			);
			defaultConfigurationIsVisible = 0;
			defaultConfigurationName = Release;
		};
		C723D2801B9A4AAF00B394EB /* Build configuration list for PBXNativeTarget "FingerPaint" */ = {
			isa = XCConfigurationList;
			buildConfigurations = (
				C723D2811B9A4AAF00B394EB /* Debug */,
				C723D2821B9A4AAF00B394EB /* Release */,
			);
			defaultConfigurationIsVisible = 0;
		};
/* End XCConfigurationList section */
	};
	rootObject = C723D2611B9A4AAF00B394EB /* Project object */;
}
